
Microsoft Visual Studio Solution File, Format Version 12.00
# Visual Studio Version 16
VisualStudioVersion = 16.0.32413.511
MinimumVisualStudioVersion = 10.0.40219.1
Project("{8BC9CEB8-8B4A-11D0-8D11-00A0C91BC942}") = "SnakeG", "SnakeG\SnakeG.vcxproj", "{A58471B0-B066-4978-8ED2-64AA0A0E23E3}"
EndProject
Global
	GlobalSection(SolutionConfigurationPlatforms) = preSolution
		Debug|x64 = Debug|x64
		Debug|x86 = Debug|x86
		Release|x64 = Release|x64
		Release|x86 = Release|x86
	EndGlobalSection
	GlobalSection(ProjectConfigurationPlatforms) = postSolution
		{A58471B0-B066-4978-8ED2-64AA0A0E23E3}.Debug|x64.ActiveCfg = Debug|x64
		{A58471B0-B066-4978-8ED2-64AA0A0E23E3}.Debug|x64.Build.0 = Debug|x64
		{A58471B0-B066-4978-8ED2-64AA0A0E23E3}.Debug|x86.ActiveCfg = Debug|Win32
		{A58471B0-B066-4978-8ED2-64AA0A0E23E3}.Debug|x86.Build.0 = Debug|Win32
		{A58471B0-B066-4978-8ED2-64AA0A0E23E3}.Release|x64.ActiveCfg = Release|x64
		{A58471B0-B066-4978-8ED2-64AA0A0E23E3}.Release|x64.Build.0 = Release|x64
		{A58471B0-B066-4978-8ED2-64AA0A0E23E3}.Release|x86.ActiveCfg = Release|Win32
		{A58471B0-B066-4978-8ED2-64AA0A0E23E3}.Release|x86.Build.0 = Release|Win32
	EndGlobalSection
	GlobalSection(SolutionProperties) = preSolution
		HideSolutionNode = FALSE
	EndGlobalSection
	GlobalSection(ExtensibilityGlobals) = postSolution
		SolutionGuid = {B1901B35-9600-49B5-AA6E-E0DF4BD2C377}
	EndGlobalSection
EndGlobal
